PODS:
  - Firebase/CoreOnly (5.19.0):
    - FirebaseCore (= 5.4.0)
  - Firebase/Database (5.19.0):
    - Firebase/CoreOnly
    - FirebaseDatabase (= 5.1.1)
  - FirebaseAuthInterop (1.0.0)
  - FirebaseCore (5.4.0):
    - GoogleUtilities/Environment (~> 5.2)
    - GoogleUtilities/Logger (~> 5.2)
  - FirebaseDatabase (5.1.1):
    - FirebaseAuthInterop (~> 1.0)
    - FirebaseCore (~> 5.2)
    - leveldb-library (~> 1.18)
  - GoogleUtilities/Environment (5.5.0)
  - GoogleUtilities/Logger (5.5.0):
    - GoogleUtilities/Environment
  - leveldb-library (1.20)

DEPENDENCIES:
  - Firebase/Database

SPEC REPOS:
  https://github.com/cocoapods/specs.git:
    - Firebase
    - FirebaseAuthInterop
    - FirebaseCore
    - FirebaseDatabase
    - GoogleUtilities
    - leveldb-library

SPEC CHECKSUMS:
  Firebase: c60d49e9c2630875a96207d15e2affb8364996d1
  FirebaseAuthInterop: 0ffa57668be100582bb7643d4fcb7615496c41fc
  FirebaseCore: 22a79a961c3951ef2f77b67bfbc99e454247b319
  FirebaseDatabase: 2c15b0ea6f2c6eb5e57413f9d6340f1e50b81ae3
  GoogleUtilities: 6481e6318c5fcabaaa8513ef8120f329055d7c10
  leveldb-library: 08cba283675b7ed2d99629a4bc5fd052cd2bb6a5

PODFILE CHECKSUM: d153919884d14a7de2a376bea553a447bf6e209a

COCOAPODS: 1.6.1
